
Microsoft Visual Studio Solution File, Format Version 12.00
Project("{FAE04EC0-301F-11D3-BF4B-00C04F79EFBC}") = "OpcUAClient", "OpcUAClient\OpcUAClient.csproj", "{584D2F9C-9CFF-4029-841E-7DF7A30B627B}"
EndProject
Project("{FAE04EC0-301F-11D3-BF4B-00C04F79EFBC}") = "OpcUAClient.Repository", "OpcUAClient.Repository\OpcUAClient.Repository.csproj", "{0151222F-3808-479F-BDE9-30544958D0D0}"
EndProject
Global
	GlobalSection(SolutionConfigurationPlatforms) = preSolution
		Debug|Any CPU = Debug|Any CPU
		Release|Any CPU = Release|Any CPU
	EndGlobalSection
	GlobalSection(ProjectConfigurationPlatforms) = postSolution
		{584D2F9C-9CFF-4029-841E-7DF7A30B627B}.Debug|Any CPU.ActiveCfg = Debug|Any CPU
		{584D2F9C-9CFF-4029-841E-7DF7A30B627B}.Debug|Any CPU.Build.0 = Debug|Any CPU
		{584D2F9C-9CFF-4029-841E-7DF7A30B627B}.Release|Any CPU.ActiveCfg = Release|Any CPU
		{584D2F9C-9CFF-4029-841E-7DF7A30B627B}.Release|Any CPU.Build.0 = Release|Any CPU
		{0151222F-3808-479F-BDE9-30544958D0D0}.Debug|Any CPU.ActiveCfg = Debug|Any CPU
		{0151222F-3808-479F-BDE9-30544958D0D0}.Debug|Any CPU.Build.0 = Debug|Any CPU
		{0151222F-3808-479F-BDE9-30544958D0D0}.Release|Any CPU.ActiveCfg = Release|Any CPU
		{0151222F-3808-479F-BDE9-30544958D0D0}.Release|Any CPU.Build.0 = Release|Any CPU
	EndGlobalSection
EndGlobal
